// !$*UTF8*$!
{
	archiveVersion = 1;
	classes = {
	};
	objectVersion = 46;
	objects = {

/* Begin PBXBuildFile section */
		3363E8091CD329E4008B5BED /* AppDelegate.swift in Sources */ = {isa = PBXBuildFile; fileRef = 3363E8081CD329E4008B5BED /* AppDelegate.swift */; };
		3363E80B1CD329E4008B5BED /* ViewController.swift in Sources */ = {isa = PBXBuildFile; fileRef = 3363E80A1CD329E4008B5BED /* ViewController.swift */; };
		3363E80E1CD329E4008B5BED /* Main.storyboard in Resources */ = {isa = PBXBuildFile; fileRef = 3363E80C1CD329E4008B5BED /* Main.storyboard */; };
		3363E8111CD329E4008B5BED /* SoundCloodDemo.xcdatamodeld in Sources */ = {isa = PBXBuildFile; fileRef = 3363E80F1CD329E4008B5BED /* SoundCloodDemo.xcdatamodeld */; };
		3363E8131CD329E4008B5BED /* Assets.xcassets in Resources */ = {isa = PBXBuildFile; fileRef = 3363E8121CD329E4008B5BED /* Assets.xcassets */; };
		3363E8161CD329E4008B5BED /* LaunchScreen.storyboard in Resources */ = {isa = PBXBuildFile; fileRef = 3363E8141CD329E4008B5BED /* LaunchScreen.storyboard */; };
		3363E8201CD332E7008B5BED /* SoundCloud.m in Sources */ = {isa = PBXBuildFile; fileRef = 3363E81F1CD332E7008B5BED /* SoundCloud.m */; };
		3363E8231CD33352008B5BED /* JSONKit.m in Sources */ = {isa = PBXBuildFile; fileRef = 3363E8221CD33352008B5BED /* JSONKit.m */; settings = {COMPILER_FLAGS = "-fno-objc-arc"; }; };
		3363E8261CD33379008B5BED /* LikedTrackObject.m in Sources */ = {isa = PBXBuildFile; fileRef = 3363E8251CD33378008B5BED /* LikedTrackObject.m */; };
		3363E8281CD3340C008B5BED /* MediaPlayer.framework in Frameworks */ = {isa = PBXBuildFile; fileRef = 3363E8271CD3340C008B5BED /* MediaPlayer.framework */; };
		3363E82A1CD33411008B5BED /* AVFoundation.framework in Frameworks */ = {isa = PBXBuildFile; fileRef = 3363E8291CD33411008B5BED /* AVFoundation.framework */; };
/* End PBXBuildFile section */

/* Begin PBXFileReference section */
		3363E8051CD329E4008B5BED /* SoundCloodDemo.app */ = {isa = PBXFileReference; explicitFileType = wrapper.application; includeInIndex = 0; path = SoundCloodDemo.app; sourceTree = BUILT_PRODUCTS_DIR; };
		3363E8081CD329E4008B5BED /* AppDelegate.swift */ = {isa = PBXFileReference; lastKnownFileType = sourcecode.swift; path = AppDelegate.swift; sourceTree = "<group>"; };
		3363E80A1CD329E4008B5BED /* ViewController.swift */ = {isa = PBXFileReference; lastKnownFileType = sourcecode.swift; path = ViewController.swift; sourceTree = "<group>"; };
		3363E80D1CD329E4008B5BED /* Base */ = {isa = PBXFileReference; lastKnownFileType = file.storyboard; name = Base; path = Base.lproj/Main.storyboard; sourceTree = "<group>"; };
		3363E8101CD329E4008B5BED /* SoundCloodDemo.xcdatamodel */ = {isa = PBXFileReference; lastKnownFileType = wrapper.xcdatamodel; path = SoundCloodDemo.xcdatamodel; sourceTree = "<group>"; };
		3363E8121CD329E4008B5BED /* Assets.xcassets */ = {isa = PBXFileReference; lastKnownFileType = folder.assetcatalog; path = Assets.xcassets; sourceTree = "<group>"; };
		3363E8151CD329E4008B5BED /* Base */ = {isa = PBXFileReference; lastKnownFileType = file.storyboard; name = Base; path = Base.lproj/LaunchScreen.storyboard; sourceTree = "<group>"; };
		3363E8171CD329E4008B5BED /* Info.plist */ = {isa = PBXFileReference; lastKnownFileType = text.plist.xml; path = Info.plist; sourceTree = "<group>"; };
		3363E81D1CD332E6008B5BED /* SoundCloodDemo-Bridging-Header.h */ = {isa = PBXFileReference; lastKnownFileType = sourcecode.c.h; path = "SoundCloodDemo-Bridging-Header.h"; sourceTree = "<group>"; };
		3363E81E1CD332E7008B5BED /* SoundCloud.h */ = {isa = PBXFileReference; fileEncoding = 4; lastKnownFileType = sourcecode.c.h; path = SoundCloud.h; sourceTree = "<group>"; };
		3363E81F1CD332E7008B5BED /* SoundCloud.m */ = {isa = PBXFileReference; fileEncoding = 4; lastKnownFileType = sourcecode.c.objc; path = SoundCloud.m; sourceTree = "<group>"; };
		3363E8211CD33352008B5BED /* JSONKit.h */ = {isa = PBXFileReference; fileEncoding = 4; lastKnownFileType = sourcecode.c.h; path = JSONKit.h; sourceTree = "<group>"; };
		3363E8221CD33352008B5BED /* JSONKit.m */ = {isa = PBXFileReference; fileEncoding = 4; lastKnownFileType = sourcecode.c.objc; path = JSONKit.m; sourceTree = "<group>"; };
		3363E8241CD33378008B5BED /* LikedTrackObject.h */ = {isa = PBXFileReference; fileEncoding = 4; lastKnownFileType = sourcecode.c.h; path = LikedTrackObject.h; sourceTree = "<group>"; };
		3363E8251CD33378008B5BED /* LikedTrackObject.m */ = {isa = PBXFileReference; fileEncoding = 4; lastKnownFileType = sourcecode.c.objc; path = LikedTrackObject.m; sourceTree = "<group>"; };
		3363E8271CD3340C008B5BED /* MediaPlayer.framework */ = {isa = PBXFileReference; lastKnownFileType = wrapper.framework; name = MediaPlayer.framework; path = System/Library/Frameworks/MediaPlayer.framework; sourceTree = SDKROOT; };
		3363E8291CD33411008B5BED /* AVFoundation.framework */ = {isa = PBXFileReference; lastKnownFileType = wrapper.framework; name = AVFoundation.framework; path = System/Library/Frameworks/AVFoundation.framework; sourceTree = SDKROOT; };
/* End PBXFileReference section */

/* Begin PBXFrameworksBuildPhase section */
		3363E8021CD329E4008B5BED /* Frameworks */ = {
			isa = PBXFrameworksBuildPhase;
			buildActionMask = 2147483647;
			files = (
				3363E82A1CD33411008B5BED /* AVFoundation.framework in Frameworks */,
				3363E8281CD3340C008B5BED /* MediaPlayer.framework in Frameworks */,
			);
			runOnlyForDeploymentPostprocessing = 0;
		};
/* End PBXFrameworksBuildPhase section */

/* Begin PBXGroup section */
		3363E7FC1CD329E4008B5BED = {
			isa = PBXGroup;
			children = (
				3363E8071CD329E4008B5BED /* SoundCloodDemo */,
				3363E8061CD329E4008B5BED /* Products */,
				3363E8291CD33411008B5BED /* AVFoundation.framework */,
				3363E8271CD3340C008B5BED /* MediaPlayer.framework */,
			);
			sourceTree = "<group>";
		};
		3363E8061CD329E4008B5BED /* Products */ = {
			isa = PBXGroup;
			children = (
				3363E8051CD329E4008B5BED /* SoundCloodDemo.app */,
			);
			name = Products;
			sourceTree = "<group>";
		};
		3363E8071CD329E4008B5BED /* SoundCloodDemo */ = {
			isa = PBXGroup;
			children = (
				3363E8081CD329E4008B5BED /* AppDelegate.swift */,
				3363E80A1CD329E4008B5BED /* ViewController.swift */,
				3363E80C1CD329E4008B5BED /* Main.storyboard */,
				3363E8121CD329E4008B5BED /* Assets.xcassets */,
				3363E8141CD329E4008B5BED /* LaunchScreen.storyboard */,
				3363E8171CD329E4008B5BED /* Info.plist */,
				3363E80F1CD329E4008B5BED /* SoundCloodDemo.xcdatamodeld */,
				3363E8241CD33378008B5BED /* LikedTrackObject.h */,
				3363E8251CD33378008B5BED /* LikedTrackObject.m */,
				3363E81E1CD332E7008B5BED /* SoundCloud.h */,
				3363E81F1CD332E7008B5BED /* SoundCloud.m */,
				3363E8211CD33352008B5BED /* JSONKit.h */,
				3363E8221CD33352008B5BED /* JSONKit.m */,
				3363E81D1CD332E6008B5BED /* SoundCloodDemo-Bridging-Header.h */,
			);
			path = SoundCloodDemo;
			sourceTree = "<group>";
		};
/* End PBXGroup section */

/* Begin PBXNativeTarget section */
		3363E8041CD329E4008B5BED /* SoundCloodDemo */ = {
			isa = PBXNativeTarget;
			buildConfigurationList = 3363E81A1CD329E4008B5BED /* Build configuration list for PBXNativeTarget "SoundCloodDemo" */;
			buildPhases = (
				3363E8011CD329E4008B5BED /* Sources */,
				3363E8021CD329E4008B5BED /* Frameworks */,
				3363E8031CD329E4008B5BED /* Resources */,
			);
			buildRules = (
			);
			dependencies = (
			);
			name = SoundCloodDemo;
			productName = SoundCloodDemo;
			productReference = 3363E8051CD329E4008B5BED /* SoundCloodDemo.app */;
			productType = "com.apple.product-type.application";
		};
/* End PBXNativeTarget section */

/* Begin PBXProject section */
		3363E7FD1CD329E4008B5BED /* Project object */ = {
			isa = PBXProject;
			attributes = {
				LastSwiftUpdateCheck = 0730;
				LastUpgradeCheck = 0730;
				ORGANIZATIONNAME = inailuy;
				TargetAttributes = {
					3363E8041CD329E4008B5BED = {
						CreatedOnToolsVersion = 7.3;
					};
				};
			};
			buildConfigurationList = 3363E8001CD329E4008B5BED /* Build configuration list for PBXProject "SoundCloodDemo" */;
			compatibilityVersion = "Xcode 3.2";
			developmentRegion = English;
			hasScannedForEncodings = 0;
			knownRegions = (
				en,
				Base,
			);
			mainGroup = 3363E7FC1CD329E4008B5BED;
			productRefGroup = 3363E8061CD329E4008B5BED /* Products */;
			projectDirPath = "";
			projectRoot = "";
			targets = (
				3363E8041CD329E4008B5BED /* SoundCloodDemo */,
			);
		};
/* End PBXProject section */

/* Begin PBXResourcesBuildPhase section */
		3363E8031CD329E4008B5BED /* Resources */ = {
			isa = PBXResourcesBuildPhase;
			buildActionMask = 2147483647;
			files = (
				3363E8161CD329E4008B5BED /* LaunchScreen.storyboard in Resources */,
				3363E8131CD329E4008B5BED /* Assets.xcassets in Resources */,
				3363E80E1CD329E4008B5BED /* Main.storyboard in Resources */,
			);
			runOnlyForDeploymentPostprocessing = 0;
		};
/* End PBXResourcesBuildPhase section */

/* Begin PBXSourcesBuildPhase section */
		3363E8011CD329E4008B5BED /* Sources */ = {
			isa = PBXSourcesBuildPhase;
			buildActionMask = 2147483647;
			files = (
				3363E8261CD33379008B5BED /* LikedTrackObject.m in Sources */,
				3363E80B1CD329E4008B5BED /* ViewController.swift in Sources */,
				3363E8111CD329E4008B5BED /* SoundCloodDemo.xcdatamodeld in Sources */,
				3363E8091CD329E4008B5BED /* AppDelegate.swift in Sources */,
				3363E8201CD332E7008B5BED /* SoundCloud.m in Sources */,
				3363E8231CD33352008B5BED /* JSONKit.m in Sources */,
			);
			runOnlyForDeploymentPostprocessing = 0;
		};
/* End PBXSourcesBuildPhase section */

/* Begin PBXVariantGroup section */
		3363E80C1CD329E4008B5BED /* Main.storyboard */ = {
			isa = PBXVariantGroup;
			children = (
				3363E80D1CD329E4008B5BED /* Base */,
			);
			name = Main.storyboard;
			sourceTree = "<group>";
		};
		3363E8141CD329E4008B5BED /* LaunchScreen.storyboard */ = {
			isa = PBXVariantGroup;
			children = (
				3363E8151CD329E4008B5BED /* Base */,
			);
			name = LaunchScreen.storyboard;
			sourceTree = "<group>";
		};
/* End PBXVariantGroup section */

/* Begin XCBuildConfiguration section */
		3363E8181CD329E4008B5BED /* Debug */ = {
			isa = XCBuildConfiguration;
			buildSettings = {
				ALWAYS_SEARCH_USER_PATHS = NO;
				CLANG_ANALYZER_NONNULL = YES;
				CLANG_CXX_LANGUAGE_STANDARD = "gnu++0x";
				CLANG_CXX_LIBRARY = "libc++";
				CLANG_ENABLE_MODULES = YES;
				CLANG_ENABLE_OBJC_ARC = YES;
				CLANG_WARN_BOOL_CONVERSION = YES;
				CLANG_WARN_CONSTANT_CONVERSION = YES;
				CLANG_WARN_DIRECT_OBJC_ISA_USAGE = YES_ERROR;
				CLANG_WARN_EMPTY_BODY = YES;
				CLANG_WARN_ENUM_CONVERSION = YES;
				CLANG_WARN_INT_CONVERSION = YES;
				CLANG_WARN_OBJC_ROOT_CLASS = YES_ERROR;
				CLANG_WARN_UNREACHABLE_CODE = YES;
				CLANG_WARN__DUPLICATE_METHOD_MATCH = YES;
				"CODE_SIGN_IDENTITY[sdk=iphoneos*]" = "iPhone Developer";
				COPY_PHASE_STRIP = NO;
				DEBUG_INFORMATION_FORMAT = dwarf;
				ENABLE_STRICT_OBJC_MSGSEND = YES;
				ENABLE_TESTABILITY = YES;
				GCC_C_LANGUAGE_STANDARD = gnu99;
				GCC_DYNAMIC_NO_PIC = NO;
				GCC_NO_COMMON_BLOCKS = YES;
				GCC_OPTIMIZATION_LEVEL = 0;
				GCC_PREPROCESSOR_DEFINITIONS = (
					"DEBUG=1",
					"$(inherited)",
				);
				GCC_WARN_64_TO_32_BIT_CONVERSION = YES;
				GCC_WARN_ABOUT_RETURN_TYPE = YES_ERROR;
				GCC_WARN_UNDECLARED_SELECTOR = YES;
				GCC_WARN_UNINITIALIZED_AUTOS = YES_AGGRESSIVE;
				GCC_WARN_UNUSED_FUNCTION = YES;
				GCC_WARN_UNUSED_VARIABLE = YES;
				IPHONEOS_DEPLOYMENT_TARGET = 9.3;
				MTL_ENABLE_DEBUG_INFO = YES;
				ONLY_ACTIVE_ARCH = YES;
				SDKROOT = iphoneos;
				SWIFT_OPTIMIZATION_LEVEL = "-Onone";
			};
			name = Debug;
		};
		3363E8191CD329E4008B5BED /* Release */ = {
			isa = XCBuildConfiguration;
			buildSettings = {
				ALWAYS_SEARCH_USER_PATHS = NO;
				CLANG_ANALYZER_NONNULL = YES;
				CLANG_CXX_LANGUAGE_STANDARD = "gnu++0x";
				CLANG_CXX_LIBRARY = "libc++";
				CLANG_ENABLE_MODULES = YES;
				CLANG_ENABLE_OBJC_ARC = YES;
				CLANG_WARN_BOOL_CONVERSION = YES;
				CLANG_WARN_CONSTANT_CONVERSION = YES;
				CLANG_WARN_DIRECT_OBJC_ISA_USAGE = YES_ERROR;
				CLANG_WARN_EMPTY_BODY = YES;
				CLANG_WARN_ENUM_CONVERSION = YES;
				CLANG_WARN_INT_CONVERSION = YES;
				CLANG_WARN_OBJC_ROOT_CLASS = YES_ERROR;
				CLANG_WARN_UNREACHABLE_CODE = YES;
				CLANG_WARN__DUPLICATE_METHOD_MATCH = YES;
				"CODE_SIGN_IDENTITY[sdk=iphoneos*]" = "iPhone Developer";
				COPY_PHASE_STRIP = NO;
				DEBUG_INFORMATION_FORMAT = "dwarf-with-dsym";
				ENABLE_NS_ASSERTIONS = NO;
				ENABLE_STRICT_OBJC_MSGSEND = YES;
				GCC_C_LANGUAGE_STANDARD = gnu99;
				GCC_NO_COMMON_BLOCKS = YES;
				GCC_WARN_64_TO_32_BIT_CONVERSION = YES;
				GCC_WARN_ABOUT_RETURN_TYPE = YES_ERROR;
				GCC_WARN_UNDECLARED_SELECTOR = YES;
				GCC_WARN_UNINITIALIZED_AUTOS = YES_AGGRESSIVE;
				GCC_WARN_UNUSED_FUNCTION = YES;
				GCC_WARN_UNUSED_VARIABLE = YES;
				IPHONEOS_DEPLOYMENT_TARGET = 9.3;
				MTL_ENABLE_DEBUG_INFO = NO;
				SDKROOT = iphoneos;
				VALIDATE_PRODUCT = YES;
			};
			name = Release;
		};
		3363E81B1CD329E4008B5BED /* Debug */ = {
			isa = XCBuildConfiguration;
			buildSettings = {
				ASSETCATALOG_COMPILER_APPICON_NAME = AppIcon;
				CLANG_ENABLE_MODULES = YES;
				INFOPLIST_FILE = SoundCloodDemo/Info.plist;
				LD_RUNPATH_SEARCH_PATHS = "$(inherited) @executable_path/Frameworks";
				PRODUCT_BUNDLE_IDENTIFIER = Udacity.SoundCloodDemo;
				PRODUCT_NAME = "$(TARGET_NAME)";
				SWIFT_OBJC_BRIDGING_HEADER = "SoundCloodDemo/SoundCloodDemo-Bridging-Header.h";
				SWIFT_OPTIMIZATION_LEVEL = "-Onone";
			};
			name = Debug;
		};
		3363E81C1CD329E4008B5BED /* Release */ = {
			isa = XCBuildConfiguration;
			buildSettings = {
				ASSETCATALOG_COMPILER_APPICON_NAME = AppIcon;
				CLANG_ENABLE_MODULES = YES;
				INFOPLIST_FILE = SoundCloodDemo/Info.plist;
				LD_RUNPATH_SEARCH_PATHS = "$(inherited) @executable_path/Frameworks";
				PRODUCT_BUNDLE_IDENTIFIER = Udacity.SoundCloodDemo;
				PRODUCT_NAME = "$(TARGET_NAME)";
				SWIFT_OBJC_BRIDGING_HEADER = "SoundCloodDemo/SoundCloodDemo-Bridging-Header.h";
			};
			name = Release;
		};
/* End XCBuildConfiguration section */

/* Begin XCConfigurationList section */
		3363E8001CD329E4008B5BED /* Build configuration list for PBXProject "SoundCloodDemo" */ = {
			isa = XCConfigurationList;
			buildConfigurations = (
				3363E8181CD329E4008B5BED /* Debug */,
				3363E8191CD329E4008B5BED /* Release */,
			);
			defaultConfigurationIsVisible = 0;
			defaultConfigurationName = Release;
		};
		3363E81A1CD329E4008B5BED /* Build configuration list for PBXNativeTarget "SoundCloodDemo" */ = {
			isa = XCConfigurationList;
			buildConfigurations = (
				3363E81B1CD329E4008B5BED /* Debug */,
				3363E81C1CD329E4008B5BED /* Release */,
			);
			defaultConfigurationIsVisible = 0;
		};
/* End XCConfigurationList section */

/* Begin XCVersionGroup section */
		3363E80F1CD329E4008B5BED /* SoundCloodDemo.xcdatamodeld */ = {
			isa = XCVersionGroup;
			children = (
				3363E8101CD329E4008B5BED /* SoundCloodDemo.xcdatamodel */,
			);
			currentVersion = 3363E8101CD329E4008B5BED /* SoundCloodDemo.xcdatamodel */;
			path = SoundCloodDemo.xcdatamodeld;
			sourceTree = "<group>";
			versionGroupType = wrapper.xcdatamodel;
		};
/* End XCVersionGroup section */
	};
	rootObject = 3363E7FD1CD329E4008B5BED /* Project object */;
}
